
Microsoft Visual Studio Solution File, Format Version 12.00
# Visual Studio Version 17
VisualStudioVersion = 17.13.35806.99 d17.13
MinimumVisualStudioVersion = 10.0.40219.1
Project("{FAE04EC0-301F-11D3-BF4B-00C04F79EFBC}") = "RTK_API_Active", "RTK_API_Active\RTK_API_Active.csproj", "{3DDFB889-F868-492E-A8B2-683229CBD8CB}"
EndProject
Global
	GlobalSection(SolutionConfigurationPlatforms) = preSolution
		Debug|Any CPU = Debug|Any CPU
		Release|Any CPU = Release|Any CPU
	EndGlobalSection
	GlobalSection(ProjectConfigurationPlatforms) = postSolution
		{3DDFB889-F868-492E-A8B2-683229CBD8CB}.Debug|Any CPU.ActiveCfg = Debug|Any CPU
		{3DDFB889-F868-492E-A8B2-683229CBD8CB}.Debug|Any CPU.Build.0 = Debug|Any CPU
		{3DDFB889-F868-492E-A8B2-683229CBD8CB}.Release|Any CPU.ActiveCfg = Release|Any CPU
		{3DDFB889-F868-492E-A8B2-683229CBD8CB}.Release|Any CPU.Build.0 = Release|Any CPU
	EndGlobalSection
	GlobalSection(SolutionProperties) = preSolution
		HideSolutionNode = FALSE
	EndGlobalSection
	GlobalSection(ExtensibilityGlobals) = postSolution
		SolutionGuid = {E5CF1CE7-4969-443B-8F13-B3E7BD9BBA79}
	EndGlobalSection
EndGlobal
